
Microsoft Visual Studio Solution File, Format Version 12.00
# Visual Studio 14
VisualStudioVersion = 14.0.25420.1
MinimumVisualStudioVersion = 10.0.40219.1
Project("{FAE04EC0-301F-11D3-BF4B-00C04F79EFBC}") = "Exercises", "Exercises\Exercises.csproj", "{170C60D5-45DB-4A76-B5AD-7B7B2C31572A}"
EndProject
Project("{FAE04EC0-301F-11D3-BF4B-00C04F79EFBC}") = "OptimizedBankingSystem", "OptimizedBankingSystem\OptimizedBankingSystem.csproj", "{93F85549-9C55-4ED1-B650-CAFC6973CB38}"
EndProject
Project("{FAE04EC0-301F-11D3-BF4B-00C04F79EFBC}") = "Animals", "Animals\Animals.csproj", "{4FDAE7CE-9F7D-47AC-835B-ED349617D662}"
EndProject
Project("{FAE04EC0-301F-11D3-BF4B-00C04F79EFBC}") = "Websites", "Websites\Websites.csproj", "{1E7196D6-3965-49FA-A05A-ABD44E90A9BE}"
EndProject
Project("{FAE04EC0-301F-11D3-BF4B-00C04F79EFBC}") = "Boxes", "Boxes\Boxes.csproj", "{7D781335-23F3-4AC1-AA53-1C9238E23115}"
EndProject
Project("{FAE04EC0-301F-11D3-BF4B-00C04F79EFBC}") = "Messages", "Messages\Messages.csproj", "{B9231A9E-2221-4A41-93C6-6438D9DAB015}"
EndProject
Project("{FAE04EC0-301F-11D3-BF4B-00C04F79EFBC}") = "Messages2", "Messages2\Messages2.csproj", "{2BEA0D0B-4058-4195-96B6-00308E349BF3}"
EndProject
Global
	GlobalSection(SolutionConfigurationPlatforms) = preSolution
		Debug|Any CPU = Debug|Any CPU
		Release|Any CPU = Release|Any CPU
	EndGlobalSection
	GlobalSection(ProjectConfigurationPlatforms) = postSolution
		{170C60D5-45DB-4A76-B5AD-7B7B2C31572A}.Debug|Any CPU.ActiveCfg = Debug|Any CPU
		{170C60D5-45DB-4A76-B5AD-7B7B2C31572A}.Debug|Any CPU.Build.0 = Debug|Any CPU
		{170C60D5-45DB-4A76-B5AD-7B7B2C31572A}.Release|Any CPU.ActiveCfg = Release|Any CPU
		{170C60D5-45DB-4A76-B5AD-7B7B2C31572A}.Release|Any CPU.Build.0 = Release|Any CPU
		{93F85549-9C55-4ED1-B650-CAFC6973CB38}.Debug|Any CPU.ActiveCfg = Debug|Any CPU
		{93F85549-9C55-4ED1-B650-CAFC6973CB38}.Debug|Any CPU.Build.0 = Debug|Any CPU
		{93F85549-9C55-4ED1-B650-CAFC6973CB38}.Release|Any CPU.ActiveCfg = Release|Any CPU
		{93F85549-9C55-4ED1-B650-CAFC6973CB38}.Release|Any CPU.Build.0 = Release|Any CPU
		{4FDAE7CE-9F7D-47AC-835B-ED349617D662}.Debug|Any CPU.ActiveCfg = Debug|Any CPU
		{4FDAE7CE-9F7D-47AC-835B-ED349617D662}.Debug|Any CPU.Build.0 = Debug|Any CPU
		{4FDAE7CE-9F7D-47AC-835B-ED349617D662}.Release|Any CPU.ActiveCfg = Release|Any CPU
		{4FDAE7CE-9F7D-47AC-835B-ED349617D662}.Release|Any CPU.Build.0 = Release|Any CPU
		{1E7196D6-3965-49FA-A05A-ABD44E90A9BE}.Debug|Any CPU.ActiveCfg = Debug|Any CPU
		{1E7196D6-3965-49FA-A05A-ABD44E90A9BE}.Debug|Any CPU.Build.0 = Debug|Any CPU
		{1E7196D6-3965-49FA-A05A-ABD44E90A9BE}.Release|Any CPU.ActiveCfg = Release|Any CPU
		{1E7196D6-3965-49FA-A05A-ABD44E90A9BE}.Release|Any CPU.Build.0 = Release|Any CPU
		{7D781335-23F3-4AC1-AA53-1C9238E23115}.Debug|Any CPU.ActiveCfg = Debug|Any CPU
		{7D781335-23F3-4AC1-AA53-1C9238E23115}.Debug|Any CPU.Build.0 = Debug|Any CPU
		{7D781335-23F3-4AC1-AA53-1C9238E23115}.Release|Any CPU.ActiveCfg = Release|Any CPU
		{7D781335-23F3-4AC1-AA53-1C9238E23115}.Release|Any CPU.Build.0 = Release|Any CPU
		{B9231A9E-2221-4A41-93C6-6438D9DAB015}.Debug|Any CPU.ActiveCfg = Debug|Any CPU
		{B9231A9E-2221-4A41-93C6-6438D9DAB015}.Debug|Any CPU.Build.0 = Debug|Any CPU
		{B9231A9E-2221-4A41-93C6-6438D9DAB015}.Release|Any CPU.ActiveCfg = Release|Any CPU
		{B9231A9E-2221-4A41-93C6-6438D9DAB015}.Release|Any CPU.Build.0 = Release|Any CPU
		{2BEA0D0B-4058-4195-96B6-00308E349BF3}.Debug|Any CPU.ActiveCfg = Debug|Any CPU
		{2BEA0D0B-4058-4195-96B6-00308E349BF3}.Debug|Any CPU.Build.0 = Debug|Any CPU
		{2BEA0D0B-4058-4195-96B6-00308E349BF3}.Release|Any CPU.ActiveCfg = Release|Any CPU
		{2BEA0D0B-4058-4195-96B6-00308E349BF3}.Release|Any CPU.Build.0 = Release|Any CPU
	EndGlobalSection
	GlobalSection(SolutionProperties) = preSolution
		HideSolutionNode = FALSE
	EndGlobalSection
EndGlobal
