
Microsoft Visual Studio Solution File, Format Version 12.00
# Visual Studio 14
VisualStudioVersion = 14.0.25420.1
MinimumVisualStudioVersion = 10.0.40219.1
Project("{FAE04EC0-301F-11D3-BF4B-00C04F79EFBC}") = "DebitCardNumber", "DebitCardNumber\DebitCardNumber.csproj", "{5DF5B4C0-83B9-4F68-9FBE-3AD95B40C7D9}"
EndProject
Project("{FAE04EC0-301F-11D3-BF4B-00C04F79EFBC}") = "RectangularArea", "RectangularArea\RectangularArea.csproj", "{BA7CCCD8-48C6-42DA-9DAA-AC1F807C2958}"
EndProject
Project("{FAE04EC0-301F-11D3-BF4B-00C04F79EFBC}") = "MilesToKm", "KmToMiles\MilesToKm.csproj", "{7D1F0FD8-FB1D-499E-8245-C18A9E06B64E}"
EndProject
Project("{FAE04EC0-301F-11D3-BF4B-00C04F79EFBC}") = "BevarageLabels", "BevarageLabels\BevarageLabels.csproj", "{90D5A0E8-6AB4-49FE-8B92-2ABAD83B13F6}"
EndProject
Project("{FAE04EC0-301F-11D3-BF4B-00C04F79EFBC}") = "CharacterStats", "CharacterStats\CharacterStats.csproj", "{139356D3-8A73-4E73-A117-395D647F2C13}"
EndProject
Global
	GlobalSection(SolutionConfigurationPlatforms) = preSolution
		Debug|Any CPU = Debug|Any CPU
		Release|Any CPU = Release|Any CPU
	EndGlobalSection
	GlobalSection(ProjectConfigurationPlatforms) = postSolution
		{5DF5B4C0-83B9-4F68-9FBE-3AD95B40C7D9}.Debug|Any CPU.ActiveCfg = Debug|Any CPU
		{5DF5B4C0-83B9-4F68-9FBE-3AD95B40C7D9}.Debug|Any CPU.Build.0 = Debug|Any CPU
		{5DF5B4C0-83B9-4F68-9FBE-3AD95B40C7D9}.Release|Any CPU.ActiveCfg = Release|Any CPU
		{5DF5B4C0-83B9-4F68-9FBE-3AD95B40C7D9}.Release|Any CPU.Build.0 = Release|Any CPU
		{BA7CCCD8-48C6-42DA-9DAA-AC1F807C2958}.Debug|Any CPU.ActiveCfg = Debug|Any CPU
		{BA7CCCD8-48C6-42DA-9DAA-AC1F807C2958}.Debug|Any CPU.Build.0 = Debug|Any CPU
		{BA7CCCD8-48C6-42DA-9DAA-AC1F807C2958}.Release|Any CPU.ActiveCfg = Release|Any CPU
		{BA7CCCD8-48C6-42DA-9DAA-AC1F807C2958}.Release|Any CPU.Build.0 = Release|Any CPU
		{7D1F0FD8-FB1D-499E-8245-C18A9E06B64E}.Debug|Any CPU.ActiveCfg = Debug|Any CPU
		{7D1F0FD8-FB1D-499E-8245-C18A9E06B64E}.Debug|Any CPU.Build.0 = Debug|Any CPU
		{7D1F0FD8-FB1D-499E-8245-C18A9E06B64E}.Release|Any CPU.ActiveCfg = Release|Any CPU
		{7D1F0FD8-FB1D-499E-8245-C18A9E06B64E}.Release|Any CPU.Build.0 = Release|Any CPU
		{90D5A0E8-6AB4-49FE-8B92-2ABAD83B13F6}.Debug|Any CPU.ActiveCfg = Debug|Any CPU
		{90D5A0E8-6AB4-49FE-8B92-2ABAD83B13F6}.Debug|Any CPU.Build.0 = Debug|Any CPU
		{90D5A0E8-6AB4-49FE-8B92-2ABAD83B13F6}.Release|Any CPU.ActiveCfg = Release|Any CPU
		{90D5A0E8-6AB4-49FE-8B92-2ABAD83B13F6}.Release|Any CPU.Build.0 = Release|Any CPU
		{139356D3-8A73-4E73-A117-395D647F2C13}.Debug|Any CPU.ActiveCfg = Debug|Any CPU
		{139356D3-8A73-4E73-A117-395D647F2C13}.Debug|Any CPU.Build.0 = Debug|Any CPU
		{139356D3-8A73-4E73-A117-395D647F2C13}.Release|Any CPU.ActiveCfg = Release|Any CPU
		{139356D3-8A73-4E73-A117-395D647F2C13}.Release|Any CPU.Build.0 = Release|Any CPU
	EndGlobalSection
	GlobalSection(SolutionProperties) = preSolution
		HideSolutionNode = FALSE
	EndGlobalSection
EndGlobal
