
Microsoft Visual Studio Solution File, Format Version 12.00
# Visual Studio 14
VisualStudioVersion = 14.0.25420.1
MinimumVisualStudioVersion = 10.0.40219.1
Project("{FAE04EC0-301F-11D3-BF4B-00C04F79EFBC}") = "RemoveNegativesAndReverse", "RemoveNegativesAndReverse\RemoveNegativesAndReverse.csproj", "{4645568B-85D6-4C14-A148-559B423CD7F2}"
EndProject
Project("{FAE04EC0-301F-11D3-BF4B-00C04F79EFBC}") = "AppendLists", "AppendLists\AppendLists.csproj", "{77649F5C-4844-4D2C-B16B-A6EE428BBB6B}"
EndProject
Project("{FAE04EC0-301F-11D3-BF4B-00C04F79EFBC}") = "SumAdjacentEqualNumbers", "SumAdjacentEqualNumbers\SumAdjacentEqualNumbers.csproj", "{57936365-6786-4EC3-8557-D267C3EBA6D6}"
EndProject
Project("{FAE04EC0-301F-11D3-BF4B-00C04F79EFBC}") = "SplitbyWordCasing", "SplitbyWordCasing\SplitbyWordCasing.csproj", "{8A32CA98-EF63-4F03-B0DE-DC725FDD583E}"
EndProject
Project("{FAE04EC0-301F-11D3-BF4B-00C04F79EFBC}") = "SortNumbers", "SortNumbers\SortNumbers.csproj", "{A4F8611B-D3BC-4CFD-B895-43A73498DF98}"
EndProject
Project("{FAE04EC0-301F-11D3-BF4B-00C04F79EFBC}") = "SquareNumbers", "SquareNumbers\SquareNumbers.csproj", "{888EE4CE-4A4C-4A25-850A-61A58FBD37D0}"
EndProject
Project("{FAE04EC0-301F-11D3-BF4B-00C04F79EFBC}") = "CountNumbers", "CountNumbers\CountNumbers.csproj", "{E5241CD2-1757-4044-9596-907F291C3CFB}"
EndProject
Global
	GlobalSection(SolutionConfigurationPlatforms) = preSolution
		Debug|Any CPU = Debug|Any CPU
		Release|Any CPU = Release|Any CPU
	EndGlobalSection
	GlobalSection(ProjectConfigurationPlatforms) = postSolution
		{4645568B-85D6-4C14-A148-559B423CD7F2}.Debug|Any CPU.ActiveCfg = Debug|Any CPU
		{4645568B-85D6-4C14-A148-559B423CD7F2}.Debug|Any CPU.Build.0 = Debug|Any CPU
		{4645568B-85D6-4C14-A148-559B423CD7F2}.Release|Any CPU.ActiveCfg = Release|Any CPU
		{4645568B-85D6-4C14-A148-559B423CD7F2}.Release|Any CPU.Build.0 = Release|Any CPU
		{77649F5C-4844-4D2C-B16B-A6EE428BBB6B}.Debug|Any CPU.ActiveCfg = Debug|Any CPU
		{77649F5C-4844-4D2C-B16B-A6EE428BBB6B}.Debug|Any CPU.Build.0 = Debug|Any CPU
		{77649F5C-4844-4D2C-B16B-A6EE428BBB6B}.Release|Any CPU.ActiveCfg = Release|Any CPU
		{77649F5C-4844-4D2C-B16B-A6EE428BBB6B}.Release|Any CPU.Build.0 = Release|Any CPU
		{57936365-6786-4EC3-8557-D267C3EBA6D6}.Debug|Any CPU.ActiveCfg = Debug|Any CPU
		{57936365-6786-4EC3-8557-D267C3EBA6D6}.Debug|Any CPU.Build.0 = Debug|Any CPU
		{57936365-6786-4EC3-8557-D267C3EBA6D6}.Release|Any CPU.ActiveCfg = Release|Any CPU
		{57936365-6786-4EC3-8557-D267C3EBA6D6}.Release|Any CPU.Build.0 = Release|Any CPU
		{8A32CA98-EF63-4F03-B0DE-DC725FDD583E}.Debug|Any CPU.ActiveCfg = Debug|Any CPU
		{8A32CA98-EF63-4F03-B0DE-DC725FDD583E}.Debug|Any CPU.Build.0 = Debug|Any CPU
		{8A32CA98-EF63-4F03-B0DE-DC725FDD583E}.Release|Any CPU.ActiveCfg = Release|Any CPU
		{8A32CA98-EF63-4F03-B0DE-DC725FDD583E}.Release|Any CPU.Build.0 = Release|Any CPU
		{A4F8611B-D3BC-4CFD-B895-43A73498DF98}.Debug|Any CPU.ActiveCfg = Debug|Any CPU
		{A4F8611B-D3BC-4CFD-B895-43A73498DF98}.Debug|Any CPU.Build.0 = Debug|Any CPU
		{A4F8611B-D3BC-4CFD-B895-43A73498DF98}.Release|Any CPU.ActiveCfg = Release|Any CPU
		{A4F8611B-D3BC-4CFD-B895-43A73498DF98}.Release|Any CPU.Build.0 = Release|Any CPU
		{888EE4CE-4A4C-4A25-850A-61A58FBD37D0}.Debug|Any CPU.ActiveCfg = Debug|Any CPU
		{888EE4CE-4A4C-4A25-850A-61A58FBD37D0}.Debug|Any CPU.Build.0 = Debug|Any CPU
		{888EE4CE-4A4C-4A25-850A-61A58FBD37D0}.Release|Any CPU.ActiveCfg = Release|Any CPU
		{888EE4CE-4A4C-4A25-850A-61A58FBD37D0}.Release|Any CPU.Build.0 = Release|Any CPU
		{E5241CD2-1757-4044-9596-907F291C3CFB}.Debug|Any CPU.ActiveCfg = Debug|Any CPU
		{E5241CD2-1757-4044-9596-907F291C3CFB}.Debug|Any CPU.Build.0 = Debug|Any CPU
		{E5241CD2-1757-4044-9596-907F291C3CFB}.Release|Any CPU.ActiveCfg = Release|Any CPU
		{E5241CD2-1757-4044-9596-907F291C3CFB}.Release|Any CPU.Build.0 = Release|Any CPU
	EndGlobalSection
	GlobalSection(SolutionProperties) = preSolution
		HideSolutionNode = FALSE
	EndGlobalSection
EndGlobal
